
Microsoft Visual Studio Solution File, Format Version 12.00
# Visual Studio Version 16
VisualStudioVersion = 16.0.31112.23
MinimumVisualStudioVersion = 10.0.40219.1
Project("{8BC9CEB8-8B4A-11D0-8D11-00A0C91BC942}") = "syscall_extractor", "syscall_extractor\syscall_extractor.vcxproj", "{A31A80C3-2B15-4100-830A-22DEFB4A8BC7}"
EndProject
Global
	GlobalSection(SolutionConfigurationPlatforms) = preSolution
		Debug|x64 = Debug|x64
		Debug|x86 = Debug|x86
		Release|x64 = Release|x64
		Release|x86 = Release|x86
	EndGlobalSection
	GlobalSection(ProjectConfigurationPlatforms) = postSolution
		{A31A80C3-2B15-4100-830A-22DEFB4A8BC7}.Debug|x64.ActiveCfg = Debug|x64
		{A31A80C3-2B15-4100-830A-22DEFB4A8BC7}.Debug|x64.Build.0 = Debug|x64
		{A31A80C3-2B15-4100-830A-22DEFB4A8BC7}.Debug|x86.ActiveCfg = Debug|Win32
		{A31A80C3-2B15-4100-830A-22DEFB4A8BC7}.Debug|x86.Build.0 = Debug|Win32
		{A31A80C3-2B15-4100-830A-22DEFB4A8BC7}.Release|x64.ActiveCfg = Release|x64
		{A31A80C3-2B15-4100-830A-22DEFB4A8BC7}.Release|x64.Build.0 = Release|x64
		{A31A80C3-2B15-4100-830A-22DEFB4A8BC7}.Release|x86.ActiveCfg = Release|Win32
		{A31A80C3-2B15-4100-830A-22DEFB4A8BC7}.Release|x86.Build.0 = Release|Win32
	EndGlobalSection
	GlobalSection(SolutionProperties) = preSolution
		HideSolutionNode = FALSE
	EndGlobalSection
	GlobalSection(ExtensibilityGlobals) = postSolution
		SolutionGuid = {E89E9A01-0085-4E22-B5AB-1DC3FF105131}
	EndGlobalSection
EndGlobal
